Microsoft Visual Studio Solution File, Format Version 12.00
# Visual Studio Version 16
VisualStudioVersion = 16.0.29519.181
MinimumVisualStudioVersion = 10.0.40219.1
Project("{FAE04EC0-301F-11D3-BF4B-00C04F79EFBC}") = "Hello", "Hello.csproj", "{F0429D91-C75A-4024-82D6-F2DE71DC4E89}"
EndProject
Global
	GlobalSection(SolutionConfigurationPlatforms) = preSolution
		Debug|Any CPU = Debug|Any CPU
		Debug|x86 = Debug|x86
		Release|Any CPU = Release|Any CPU
		Release|x86 = Release|x86
	EndGlobalSection
	GlobalSection(ProjectConfigurationPlatforms) = postSolution
		{F0429D91-C75A-4024-82D6-F2DE71DC4E89}.Debug|Any CPU.ActiveCfg = Debug|Any CPU
		{F0429D91-C75A-4024-82D6-F2DE71DC4E89}.Debug|Any CPU.Build.0 = Debug|Any CPU
		{F0429D91-C75A-4024-82D6-F2DE71DC4E89}.Debug|x86.ActiveCfg = Debug|x86
		{F0429D91-C75A-4024-82D6-F2DE71DC4E89}.Debug|x86.Build.0 = Debug|x86
		{F0429D91-C75A-4024-82D6-F2DE71DC4E89}.Release|Any CPU.ActiveCfg = Release|Any CPU
		{F0429D91-C75A-4024-82D6-F2DE71DC4E89}.Release|Any CPU.Build.0 = Release|Any CPU
		{F0429D91-C75A-4024-82D6-F2DE71DC4E89}.Release|x86.ActiveCfg = Release|x86
		{F0429D91-C75A-4024-82D6-F2DE71DC4E89}.Release|x86.Build.0 = Release|x86
	EndGlobalSection
	GlobalSection(SolutionProperties) = preSolution
		HideSolutionNode = FALSE
	EndGlobalSection
	GlobalSection(ExtensibilityGlobals) = postSolution
		SolutionGuid = {36EE0B65-C8A7-43FF-97F6-C2258B864677}
	EndGlobalSection
EndGlobal
